
Microsoft Visual Studio Solution File, Format Version 12.00
# Visual Studio Version 16
VisualStudioVersion = 16.0.32630.194
MinimumVisualStudioVersion = 10.0.40219.1
Project("{FAE04EC0-301F-11D3-BF4B-00C04F79EFBC}") = "sieve_of_Eratosthenes", "sieve_of_Eratosthenes.csproj", "{EC925F9D-FD75-4FF5-BCB9-E60EAA2257A3}"
EndProject
Global
	GlobalSection(SolutionConfigurationPlatforms) = preSolution
		Debug|Any CPU = Debug|Any CPU
		Release|Any CPU = Release|Any CPU
	EndGlobalSection
	GlobalSection(ProjectConfigurationPlatforms) = postSolution
		{EC925F9D-FD75-4FF5-BCB9-E60EAA2257A3}.Debug|Any CPU.ActiveCfg = Debug|Any CPU
		{EC925F9D-FD75-4FF5-BCB9-E60EAA2257A3}.Debug|Any CPU.Build.0 = Debug|Any CPU
		{EC925F9D-FD75-4FF5-BCB9-E60EAA2257A3}.Release|Any CPU.ActiveCfg = Release|Any CPU
		{EC925F9D-FD75-4FF5-BCB9-E60EAA2257A3}.Release|Any CPU.Build.0 = Release|Any CPU
	EndGlobalSection
	GlobalSection(SolutionProperties) = preSolution
		HideSolutionNode = FALSE
	EndGlobalSection
	GlobalSection(ExtensibilityGlobals) = postSolution
		SolutionGuid = {B83F1198-4D37-4821-98CE-CAE7D1AC633D}
	EndGlobalSection
EndGlobal
